
Microsoft Visual Studio Solution File, Format Version 12.00
# Visual Studio Version 17
VisualStudioVersion = 17.4.33122.133
MinimumVisualStudioVersion = 10.0.40219.1
Project("{9A19103F-16F7-4668-BE54-9A1E7A4F7556}") = "1-OlaMundo", "1-OlaMundo.csproj", "{FFA561A9-3D9D-48D2-B864-EE0FB6B2D66F}"
EndProject
Project("{9A19103F-16F7-4668-BE54-9A1E7A4F7556}") = "2-CriandoVariaveis", "..\2-CriandoVariaveis\2-CriandoVariaveis.csproj", "{E688E015-EAB2-4F62-8386-2BC028F83F03}"
EndProject
Project("{FAE04EC0-301F-11D3-BF4B-00C04F79EFBC}") = "3-Casting", "..\3-Casting\3-Casting.csproj", "{9C715BC3-F5B9-4D1F-80EC-77A3F56F57F4}"
EndProject
Project("{FAE04EC0-301F-11D3-BF4B-00C04F79EFBC}") = "4-Caracteres", "..\4-Caracteres\4-Caracteres.csproj", "{E0852EF7-1C2D-4019-8E9A-6020BE26FEDD}"
EndProject
Project("{FAE04EC0-301F-11D3-BF4B-00C04F79EFBC}") = "5-Loops", "..\5-Loops\5-Loops.csproj", "{76ACC917-5677-4EE7-BE4D-37B16D97B314}"
EndProject
Global
	GlobalSection(SolutionConfigurationPlatforms) = preSolution
		Debug|Any CPU = Debug|Any CPU
		Release|Any CPU = Release|Any CPU
	EndGlobalSection
	GlobalSection(ProjectConfigurationPlatforms) = postSolution
		{FFA561A9-3D9D-48D2-B864-EE0FB6B2D66F}.Debug|Any CPU.ActiveCfg = Debug|Any CPU
		{FFA561A9-3D9D-48D2-B864-EE0FB6B2D66F}.Debug|Any CPU.Build.0 = Debug|Any CPU
		{FFA561A9-3D9D-48D2-B864-EE0FB6B2D66F}.Release|Any CPU.ActiveCfg = Release|Any CPU
		{FFA561A9-3D9D-48D2-B864-EE0FB6B2D66F}.Release|Any CPU.Build.0 = Release|Any CPU
		{E688E015-EAB2-4F62-8386-2BC028F83F03}.Debug|Any CPU.ActiveCfg = Debug|Any CPU
		{E688E015-EAB2-4F62-8386-2BC028F83F03}.Debug|Any CPU.Build.0 = Debug|Any CPU
		{E688E015-EAB2-4F62-8386-2BC028F83F03}.Release|Any CPU.ActiveCfg = Release|Any CPU
		{E688E015-EAB2-4F62-8386-2BC028F83F03}.Release|Any CPU.Build.0 = Release|Any CPU
		{9C715BC3-F5B9-4D1F-80EC-77A3F56F57F4}.Debug|Any CPU.ActiveCfg = Debug|Any CPU
		{9C715BC3-F5B9-4D1F-80EC-77A3F56F57F4}.Debug|Any CPU.Build.0 = Debug|Any CPU
		{9C715BC3-F5B9-4D1F-80EC-77A3F56F57F4}.Release|Any CPU.ActiveCfg = Release|Any CPU
		{9C715BC3-F5B9-4D1F-80EC-77A3F56F57F4}.Release|Any CPU.Build.0 = Release|Any CPU
		{E0852EF7-1C2D-4019-8E9A-6020BE26FEDD}.Debug|Any CPU.ActiveCfg = Debug|Any CPU
		{E0852EF7-1C2D-4019-8E9A-6020BE26FEDD}.Debug|Any CPU.Build.0 = Debug|Any CPU
		{E0852EF7-1C2D-4019-8E9A-6020BE26FEDD}.Release|Any CPU.ActiveCfg = Release|Any CPU
		{E0852EF7-1C2D-4019-8E9A-6020BE26FEDD}.Release|Any CPU.Build.0 = Release|Any CPU
		{76ACC917-5677-4EE7-BE4D-37B16D97B314}.Debug|Any CPU.ActiveCfg = Debug|Any CPU
		{76ACC917-5677-4EE7-BE4D-37B16D97B314}.Debug|Any CPU.Build.0 = Debug|Any CPU
		{76ACC917-5677-4EE7-BE4D-37B16D97B314}.Release|Any CPU.ActiveCfg = Release|Any CPU
		{76ACC917-5677-4EE7-BE4D-37B16D97B314}.Release|Any CPU.Build.0 = Release|Any CPU
	EndGlobalSection
	GlobalSection(SolutionProperties) = preSolution
		HideSolutionNode = FALSE
	EndGlobalSection
	GlobalSection(ExtensibilityGlobals) = postSolution
		SolutionGuid = {3CFA89E5-E585-4AC9-985D-930686233F49}
	EndGlobalSection
EndGlobal
